Microsoft Visual Studio Solution File, Format Version 12.00
# Visual Studio Version 17
VisualStudioVersion = 17.5.2.0
MinimumVisualStudioVersion = 10.0.40219.1
Project("{2150E333-8FDC-42A3-9474-1A3956D46DE8}") = "packaging", "packaging", "{E927F87B-A585-A586-52B2-1371051E189F}"
EndProject
Project("{2150E333-8FDC-42A3-9474-1A3956D46DE8}") = "dotnet", "dotnet", "{91940C75-C2A1-5F86-C143-E0E1233C49BD}"
EndProject
Project("{FAE04EC0-301F-11D3-BF4B-00C04F79EFBC}") = "FogNetX.CLI", "packaging\dotnet\FogNetX.CLI\FogNetX.CLI.csproj", "{58764948-3868-9EDC-B7E2-862E0DB9EF88}"
EndProject
Project("{FAE04EC0-301F-11D3-BF4B-00C04F79EFBC}") = "FogNetX.Manager", "packaging\dotnet\FogNetX.Manager\FogNetX.Manager.csproj", "{3427C6EF-946E-AC7B-029D-74A2A9202499}"
EndProject
Global
	GlobalSection(SolutionConfigurationPlatforms) = preSolution
		Debug|Any CPU = Debug|Any CPU
		Release|Any CPU = Release|Any CPU
	EndGlobalSection
	GlobalSection(ProjectConfigurationPlatforms) = postSolution
		{58764948-3868-9EDC-B7E2-862E0DB9EF88}.Debug|Any CPU.ActiveCfg = Debug|Any CPU
		{58764948-3868-9EDC-B7E2-862E0DB9EF88}.Debug|Any CPU.Build.0 = Debug|Any CPU
		{58764948-3868-9EDC-B7E2-862E0DB9EF88}.Release|Any CPU.ActiveCfg = Release|Any CPU
		{58764948-3868-9EDC-B7E2-862E0DB9EF88}.Release|Any CPU.Build.0 = Release|Any CPU
		{3427C6EF-946E-AC7B-029D-74A2A9202499}.Debug|Any CPU.ActiveCfg = Debug|Any CPU
		{3427C6EF-946E-AC7B-029D-74A2A9202499}.Debug|Any CPU.Build.0 = Debug|Any CPU
		{3427C6EF-946E-AC7B-029D-74A2A9202499}.Release|Any CPU.ActiveCfg = Release|Any CPU
		{3427C6EF-946E-AC7B-029D-74A2A9202499}.Release|Any CPU.Build.0 = Release|Any CPU
	EndGlobalSection
	GlobalSection(SolutionProperties) = preSolution
		HideSolutionNode = FALSE
	EndGlobalSection
	GlobalSection(NestedProjects) = preSolution
		{91940C75-C2A1-5F86-C143-E0E1233C49BD} = {E927F87B-A585-A586-52B2-1371051E189F}
		{58764948-3868-9EDC-B7E2-862E0DB9EF88} = {91940C75-C2A1-5F86-C143-E0E1233C49BD}
		{3427C6EF-946E-AC7B-029D-74A2A9202499} = {91940C75-C2A1-5F86-C143-E0E1233C49BD}
	EndGlobalSection
	GlobalSection(ExtensibilityGlobals) = postSolution
		SolutionGuid = {ED1C7E55-F128-4F0F-88D4-A02608D3BDEE}
	EndGlobalSection
EndGlobal
